# This file is automatically @generated by Cargo.
# It is not intended for manual editing.
version = 4

[[package]]
name = "rustclr-bcl"
version = "0.1.0"
dependencies = [
 "rustclr-core",
 "rustclr-gc",
]

[[package]]
name = "rustclr-core"
version = "0.1.0"
dependencies = [
 "rustclr-gc",
 "rustclr-metadata",
]

[[package]]
name = "rustclr-gc"
version = "0.1.0"

[[package]]
name = "rustclr-interop"
version = "0.1.0"
dependencies = [
 "rustclr-core",
 "rustclr-gc",
]

[[package]]
name = "rustclr-jit"
version = "0.1.0"
dependencies = [
 "rustclr-core",
 "rustclr-metadata",
]

[[package]]
name = "rustclr-metadata"
version = "0.1.0"

[[package]]
name = "rustclr-sched"
version = "0.1.0"

[[package]]
name = "rustnet-cli"
version = "0.1.0"
dependencies = [
 "rustclr-bcl",
 "rustclr-core",
 "rustclr-gc",
 "rustclr-interop",
 "rustclr-jit",
 "rustclr-metadata",
]
